
Microsoft Visual Studio Solution File, Format Version 12.00
# Visual Studio Version 16
VisualStudioVersion = 16.0.30114.105
MinimumVisualStudioVersion = 10.0.40219.1
Project("{FAE04EC0-301F-11D3-BF4B-00C04F79EFBC}") = "Lab2", "Lab2.csproj", "{13CFBD30-DE4C-448A-B8BD-B3CED75F0F23}"
EndProject
Global
	GlobalSection(SolutionConfigurationPlatforms) = preSolution
		Debug|Any CPU = Debug|Any CPU
		Release|Any CPU = Release|Any CPU
	EndGlobalSection
	GlobalSection(ProjectConfigurationPlatforms) = postSolution
		{13CFBD30-DE4C-448A-B8BD-B3CED75F0F23}.Debug|Any CPU.ActiveCfg = Debug|Any CPU
		{13CFBD30-DE4C-448A-B8BD-B3CED75F0F23}.Debug|Any CPU.Build.0 = Debug|Any CPU
		{13CFBD30-DE4C-448A-B8BD-B3CED75F0F23}.Release|Any CPU.ActiveCfg = Release|Any CPU
		{13CFBD30-DE4C-448A-B8BD-B3CED75F0F23}.Release|Any CPU.Build.0 = Release|Any CPU
	EndGlobalSection
	GlobalSection(SolutionProperties) = preSolution
		HideSolutionNode = FALSE
	EndGlobalSection
	GlobalSection(ExtensibilityGlobals) = postSolution
		SolutionGuid = {93F50924-0384-43E8-8B1B-AD5A407027EC}
	EndGlobalSection
EndGlobal
